Microsoft Visual Studio Solution File, Format Version 12.00
# Visual Studio Version 17
VisualStudioVersion = 17.5.33424.131
MinimumVisualStudioVersion = 10.0.40219.1
Project("{8BC9CEB8-8B4A-11D0-8D11-00A0C91BC942}") = "MinimalAppKiller", "MinimalAppKiller\MinimalAppKiller.vcxproj", "{B2D1A563-308F-4E56-80FE-78A76A95A2F9}"
EndProject
Global
	GlobalSection(SolutionConfigurationPlatforms) = preSolution
		Debug|x64 = Debug|x64
		Debug|x86 = Debug|x86
		Release|x64 = Release|x64
		Release|x86 = Release|x86
	EndGlobalSection
	GlobalSection(ProjectConfigurationPlatforms) = postSolution
		{B2D1A563-308F-4E56-80FE-78A76A95A2F9}.Debug|x64.ActiveCfg = Debug|x64
		{B2D1A563-308F-4E56-80FE-78A76A95A2F9}.Debug|x64.Build.0 = Debug|x64
		{B2D1A563-308F-4E56-80FE-78A76A95A2F9}.Debug|x86.ActiveCfg = Debug|Win32
		{B2D1A563-308F-4E56-80FE-78A76A95A2F9}.Debug|x86.Build.0 = Debug|Win32
		{B2D1A563-308F-4E56-80FE-78A76A95A2F9}.Release|x64.ActiveCfg = Release|x64
		{B2D1A563-308F-4E56-80FE-78A76A95A2F9}.Release|x64.Build.0 = Release|x64
		{B2D1A563-308F-4E56-80FE-78A76A95A2F9}.Release|x86.ActiveCfg = Release|Win32
		{B2D1A563-308F-4E56-80FE-78A76A95A2F9}.Release|x86.Build.0 = Release|Win32
	EndGlobalSection
	GlobalSection(SolutionProperties) = preSolution
		HideSolutionNode = FALSE
	EndGlobalSection
	GlobalSection(ExtensibilityGlobals) = postSolution
		SolutionGuid = {8A9B7403-5DC0-49E5-B7BC-F3A21158BDCB}
	EndGlobalSection
EndGlobal
